
Microsoft Visual Studio Solution File, Format Version 12.00
# Visual Studio Version 17
VisualStudioVersion = 17.0.31903.59
MinimumVisualStudioVersion = 10.0.40219.1
Project("{2150E333-8FDC-42A3-9474-1A3956D46DE8}") = "src", "src", "{D1FA7A11-3AA5-47CE-8CB5-35CDA6F06594}"
EndProject
Project("{FAE04EC0-301F-11D3-BF4B-00C04F79EFBC}") = "AlxorCore.Nucleo", "src\AlxorCore.Nucleo\AlxorCore.Nucleo.csproj", "{311ED081-35E2-4347-BABC-3A7FAB0DCE77}"
EndProject
Project("{FAE04EC0-301F-11D3-BF4B-00C04F79EFBC}") = "AlxorCore.Identidad", "src\AlxorCore.Identidad\AlxorCore.Identidad.csproj", "{184D904A-0681-4CFA-919E-90DEFC00E608}"
EndProject
Project("{FAE04EC0-301F-11D3-BF4B-00C04F79EFBC}") = "AlxorCore.Identidad.Infraestructura", "src\AlxorCore.Identidad.Infraestructura\AlxorCore.Identidad.Infraestructura.csproj", "{9136779F-3AE2-4F38-95FC-D03C9A0C78FA}"
EndProject
Project("{FAE04EC0-301F-11D3-BF4B-00C04F79EFBC}") = "AlxorCore.Api", "src\AlxorCore.Api\AlxorCore.Api.csproj", "{0466FA41-1B7E-41B5-9D17-D7F4AFAC7769}"
EndProject
Project("{2150E333-8FDC-42A3-9474-1A3956D46DE8}") = "tests", "tests", "{49D534B5-ADF1-48D0-A761-46DCBEF7F9A9}"
EndProject
Project("{FAE04EC0-301F-11D3-BF4B-00C04F79EFBC}") = "AlxorCore.Identidad.Tests", "tests\AlxorCore.Identidad.Tests\AlxorCore.Identidad.Tests.csproj", "{5344ECB5-DB57-49CC-AACC-4AC0FED7C0C8}"
EndProject
Project("{FAE04EC0-301F-11D3-BF4B-00C04F79EFBC}") = "AlxorCore.IntegrationTests", "tests\AlxorCore.IntegrationTests\AlxorCore.IntegrationTests.csproj", "{993FB245-209D-4937-9E9C-CD47B0982500}"
EndProject
Project("{FAE04EC0-301F-11D3-BF4B-00C04F79EFBC}") = "AlxorCore.Persistencia", "src\AlxorCore.Persistencia\AlxorCore.Persistencia.csproj", "{91F0216F-DA2A-41B3-9D87-C2FE7B0498BA}"
EndProject
Project("{FAE04EC0-301F-11D3-BF4B-00C04F79EFBC}") = "AlxorCore.Organizacion", "src\AlxorCore.Organizacion\AlxorCore.Organizacion.csproj", "{C3FEBD0A-0935-421C-BC25-078F54EFC776}"
EndProject
Project("{FAE04EC0-301F-11D3-BF4B-00C04F79EFBC}") = "AlxorCore.Organizacion.Infraestructura", "src\AlxorCore.Organizacion.Infraestructura\AlxorCore.Organizacion.Infraestructura.csproj", "{CD152933-3723-41BF-8C50-56243EE16A02}"
EndProject
Project("{FAE04EC0-301F-11D3-BF4B-00C04F79EFBC}") = "AlxorCore.Organizacion.Tests", "tests\AlxorCore.Organizacion.Tests\AlxorCore.Organizacion.Tests.csproj", "{60CCAB0F-4BF2-4F04-A2A8-215488399A2E}"
EndProject
Project("{FAE04EC0-301F-11D3-BF4B-00C04F79EFBC}") = "AlxorCore.Terceros", "src\AlxorCore.Terceros\AlxorCore.Terceros.csproj", "{563F9F7D-36D2-4870-9811-6638ED804216}"
EndProject
Project("{FAE04EC0-301F-11D3-BF4B-00C04F79EFBC}") = "AlxorCore.Terceros.Infraestructura", "src\AlxorCore.Terceros.Infraestructura\AlxorCore.Terceros.Infraestructura.csproj", "{DD2E1F58-BB17-49D3-ADE5-7EEC17C45261}"
EndProject
Project("{FAE04EC0-301F-11D3-BF4B-00C04F79EFBC}") = "AlxorCore.Terceros.Tests", "tests\AlxorCore.Terceros.Tests\AlxorCore.Terceros.Tests.csproj", "{F442C12A-1648-42D3-8AD6-84F8FD11DD5F}"
EndProject
Project("{FAE04EC0-301F-11D3-BF4B-00C04F79EFBC}") = "AlxorCore.Catalogo", "src\AlxorCore.Catalogo\AlxorCore.Catalogo.csproj", "{5E8381BF-4499-4420-BB88-EEF99F429998}"
EndProject
Project("{FAE04EC0-301F-11D3-BF4B-00C04F79EFBC}") = "AlxorCore.Catalogo.Infraestructura", "src\AlxorCore.Catalogo.Infraestructura\AlxorCore.Catalogo.Infraestructura.csproj", "{DE26DD47-9EF8-419A-8230-C5A6CEDB5AEB}"
EndProject
Project("{FAE04EC0-301F-11D3-BF4B-00C04F79EFBC}") = "AlxorCore.Catalogo.Tests", "tests\AlxorCore.Catalogo.Tests\AlxorCore.Catalogo.Tests.csproj", "{04AA9BB1-5261-4482-952C-4D905E9E60A0}"
EndProject
Project("{FAE04EC0-301F-11D3-BF4B-00C04F79EFBC}") = "AlxorCore.Facturacion", "src\AlxorCore.Facturacion\AlxorCore.Facturacion.csproj", "{695389E1-D233-41A2-9091-2ADEFF33F1EC}"
EndProject
Project("{FAE04EC0-301F-11D3-BF4B-00C04F79EFBC}") = "AlxorCore.Facturacion.Infraestructura", "src\AlxorCore.Facturacion.Infraestructura\AlxorCore.Facturacion.Infraestructura.csproj", "{002D85FF-7C77-4014-A188-5513D9180E77}"
EndProject
Project("{FAE04EC0-301F-11D3-BF4B-00C04F79EFBC}") = "AlxorCore.Facturacion.Tests", "tests\AlxorCore.Facturacion.Tests\AlxorCore.Facturacion.Tests.csproj", "{958116C5-A9BB-46C8-9A6E-91FEB166968E}"
EndProject
Project("{FAE04EC0-301F-11D3-BF4B-00C04F79EFBC}") = "AlxorCore.Gastos", "src\AlxorCore.Gastos\AlxorCore.Gastos.csproj", "{926B9074-16D0-459B-B702-4C9356E2AC1D}"
EndProject
Project("{FAE04EC0-301F-11D3-BF4B-00C04F79EFBC}") = "AlxorCore.Gastos.Infraestructura", "src\AlxorCore.Gastos.Infraestructura\AlxorCore.Gastos.Infraestructura.csproj", "{F71E0E1D-8146-47F3-960C-F7D4982AA495}"
EndProject
Project("{FAE04EC0-301F-11D3-BF4B-00C04F79EFBC}") = "AlxorCore.Gastos.Tests", "tests\AlxorCore.Gastos.Tests\AlxorCore.Gastos.Tests.csproj", "{29DC36EB-C2B6-421A-AD85-4A3A2EF7F838}"
EndProject
Project("{FAE04EC0-301F-11D3-BF4B-00C04F79EFBC}") = "AlxorCore.Tesoreria", "src\AlxorCore.Tesoreria\AlxorCore.Tesoreria.csproj", "{F5F1234A-DB10-4954-B0AA-544CB7EC7B0A}"
EndProject
Project("{FAE04EC0-301F-11D3-BF4B-00C04F79EFBC}") = "AlxorCore.Tesoreria.Infraestructura", "src\AlxorCore.Tesoreria.Infraestructura\AlxorCore.Tesoreria.Infraestructura.csproj", "{49A23854-54D1-4161-981A-758082B18109}"
EndProject
Project("{FAE04EC0-301F-11D3-BF4B-00C04F79EFBC}") = "AlxorCore.Tesoreria.Tests", "tests\AlxorCore.Tesoreria.Tests\AlxorCore.Tesoreria.Tests.csproj", "{E0A8672F-C8AA-49B3-9EAA-33DC72DCB9A8}"
EndProject
Project("{FAE04EC0-301F-11D3-BF4B-00C04F79EFBC}") = "AlxorCore.Documentos", "src\AlxorCore.Documentos\AlxorCore.Documentos.csproj", "{C8E8D80F-F7A6-46BA-93A4-095AC72F9FD9}"
EndProject
Project("{FAE04EC0-301F-11D3-BF4B-00C04F79EFBC}") = "AlxorCore.Documentos.Infraestructura", "src\AlxorCore.Documentos.Infraestructura\AlxorCore.Documentos.Infraestructura.csproj", "{872FB290-8258-401E-8F60-C57D681CE6AB}"
EndProject
Project("{FAE04EC0-301F-11D3-BF4B-00C04F79EFBC}") = "AlxorCore.Informes", "src\AlxorCore.Informes\AlxorCore.Informes.csproj", "{070BB2C0-D6F6-4B76-8D03-18C70F53B05F}"
EndProject
Project("{FAE04EC0-301F-11D3-BF4B-00C04F79EFBC}") = "AlxorCore.Informes.Infraestructura", "src\AlxorCore.Informes.Infraestructura\AlxorCore.Informes.Infraestructura.csproj", "{8697F6E7-5573-4021-B05B-86DF54321CC2}"
EndProject
Project("{FAE04EC0-301F-11D3-BF4B-00C04F79EFBC}") = "AlxorCore.Informes.Tests", "tests\AlxorCore.Informes.Tests\AlxorCore.Informes.Tests.csproj", "{6630B407-2289-442D-BEA3-FEE2B4D30C95}"
EndProject
Project("{FAE04EC0-301F-11D3-BF4B-00C04F79EFBC}") = "AlxorCore.Auditoria", "src\AlxorCore.Auditoria\AlxorCore.Auditoria.csproj", "{F8EF9647-6BAA-439C-90B8-B66A48768D84}"
EndProject
Project("{FAE04EC0-301F-11D3-BF4B-00C04F79EFBC}") = "AlxorCore.Auditoria.Infraestructura", "src\AlxorCore.Auditoria.Infraestructura\AlxorCore.Auditoria.Infraestructura.csproj", "{FBB8984F-BF5B-40A6-A374-86212B24613E}"
EndProject
Project("{FAE04EC0-301F-11D3-BF4B-00C04F79EFBC}") = "AlxorCore.Clinica", "src\AlxorCore.Clinica\AlxorCore.Clinica.csproj", "{7160295D-B0A9-4FE9-A224-A1EA28BD6867}"
EndProject
Project("{FAE04EC0-301F-11D3-BF4B-00C04F79EFBC}") = "AlxorCore.Clinica.Infraestructura", "src\AlxorCore.Clinica.Infraestructura\AlxorCore.Clinica.Infraestructura.csproj", "{4664520A-2EA1-475F-9CA2-61F6929A00E2}"
EndProject
Project("{FAE04EC0-301F-11D3-BF4B-00C04F79EFBC}") = "AlxorCore.Clinica.PruebasUnitarias", "tests\AlxorCore.Clinica.PruebasUnitarias\AlxorCore.Clinica.PruebasUnitarias.csproj", "{AC82B465-724E-4329-8774-ABF83ED72DBC}"
EndProject
Global
	GlobalSection(SolutionConfigurationPlatforms) = preSolution
		Debug|Any CPU = Debug|Any CPU
		Release|Any CPU = Release|Any CPU
	EndGlobalSection
	GlobalSection(SolutionProperties) = preSolution
		HideSolutionNode = FALSE
	EndGlobalSection
	GlobalSection(ProjectConfigurationPlatforms) = postSolution
		{311ED081-35E2-4347-BABC-3A7FAB0DCE77}.Debug|Any CPU.ActiveCfg = Debug|Any CPU
		{311ED081-35E2-4347-BABC-3A7FAB0DCE77}.Debug|Any CPU.Build.0 = Debug|Any CPU
		{311ED081-35E2-4347-BABC-3A7FAB0DCE77}.Release|Any CPU.ActiveCfg = Release|Any CPU
		{311ED081-35E2-4347-BABC-3A7FAB0DCE77}.Release|Any CPU.Build.0 = Release|Any CPU
		{184D904A-0681-4CFA-919E-90DEFC00E608}.Debug|Any CPU.ActiveCfg = Debug|Any CPU
		{184D904A-0681-4CFA-919E-90DEFC00E608}.Debug|Any CPU.Build.0 = Debug|Any CPU
		{184D904A-0681-4CFA-919E-90DEFC00E608}.Release|Any CPU.ActiveCfg = Release|Any CPU
		{184D904A-0681-4CFA-919E-90DEFC00E608}.Release|Any CPU.Build.0 = Release|Any CPU
		{9136779F-3AE2-4F38-95FC-D03C9A0C78FA}.Debug|Any CPU.ActiveCfg = Debug|Any CPU
		{9136779F-3AE2-4F38-95FC-D03C9A0C78FA}.Debug|Any CPU.Build.0 = Debug|Any CPU
		{9136779F-3AE2-4F38-95FC-D03C9A0C78FA}.Release|Any CPU.ActiveCfg = Release|Any CPU
		{9136779F-3AE2-4F38-95FC-D03C9A0C78FA}.Release|Any CPU.Build.0 = Release|Any CPU
		{0466FA41-1B7E-41B5-9D17-D7F4AFAC7769}.Debug|Any CPU.ActiveCfg = Debug|Any CPU
		{0466FA41-1B7E-41B5-9D17-D7F4AFAC7769}.Debug|Any CPU.Build.0 = Debug|Any CPU
		{0466FA41-1B7E-41B5-9D17-D7F4AFAC7769}.Release|Any CPU.ActiveCfg = Release|Any CPU
		{0466FA41-1B7E-41B5-9D17-D7F4AFAC7769}.Release|Any CPU.Build.0 = Release|Any CPU
		{5344ECB5-DB57-49CC-AACC-4AC0FED7C0C8}.Debug|Any CPU.ActiveCfg = Debug|Any CPU
		{5344ECB5-DB57-49CC-AACC-4AC0FED7C0C8}.Debug|Any CPU.Build.0 = Debug|Any CPU
		{5344ECB5-DB57-49CC-AACC-4AC0FED7C0C8}.Release|Any CPU.ActiveCfg = Release|Any CPU
		{5344ECB5-DB57-49CC-AACC-4AC0FED7C0C8}.Release|Any CPU.Build.0 = Release|Any CPU
		{993FB245-209D-4937-9E9C-CD47B0982500}.Debug|Any CPU.ActiveCfg = Debug|Any CPU
		{993FB245-209D-4937-9E9C-CD47B0982500}.Debug|Any CPU.Build.0 = Debug|Any CPU
		{993FB245-209D-4937-9E9C-CD47B0982500}.Release|Any CPU.ActiveCfg = Release|Any CPU
		{993FB245-209D-4937-9E9C-CD47B0982500}.Release|Any CPU.Build.0 = Release|Any CPU
		{91F0216F-DA2A-41B3-9D87-C2FE7B0498BA}.Debug|Any CPU.ActiveCfg = Debug|Any CPU
		{91F0216F-DA2A-41B3-9D87-C2FE7B0498BA}.Debug|Any CPU.Build.0 = Debug|Any CPU
		{91F0216F-DA2A-41B3-9D87-C2FE7B0498BA}.Release|Any CPU.ActiveCfg = Release|Any CPU
		{91F0216F-DA2A-41B3-9D87-C2FE7B0498BA}.Release|Any CPU.Build.0 = Release|Any CPU
		{C3FEBD0A-0935-421C-BC25-078F54EFC776}.Debug|Any CPU.ActiveCfg = Debug|Any CPU
		{C3FEBD0A-0935-421C-BC25-078F54EFC776}.Debug|Any CPU.Build.0 = Debug|Any CPU
		{C3FEBD0A-0935-421C-BC25-078F54EFC776}.Release|Any CPU.ActiveCfg = Release|Any CPU
		{C3FEBD0A-0935-421C-BC25-078F54EFC776}.Release|Any CPU.Build.0 = Release|Any CPU
		{CD152933-3723-41BF-8C50-56243EE16A02}.Debug|Any CPU.ActiveCfg = Debug|Any CPU
		{CD152933-3723-41BF-8C50-56243EE16A02}.Debug|Any CPU.Build.0 = Debug|Any CPU
		{CD152933-3723-41BF-8C50-56243EE16A02}.Release|Any CPU.ActiveCfg = Release|Any CPU
		{CD152933-3723-41BF-8C50-56243EE16A02}.Release|Any CPU.Build.0 = Release|Any CPU
		{60CCAB0F-4BF2-4F04-A2A8-215488399A2E}.Debug|Any CPU.ActiveCfg = Debug|Any CPU
		{60CCAB0F-4BF2-4F04-A2A8-215488399A2E}.Debug|Any CPU.Build.0 = Debug|Any CPU
		{60CCAB0F-4BF2-4F04-A2A8-215488399A2E}.Release|Any CPU.ActiveCfg = Release|Any CPU
		{60CCAB0F-4BF2-4F04-A2A8-215488399A2E}.Release|Any CPU.Build.0 = Release|Any CPU
		{563F9F7D-36D2-4870-9811-6638ED804216}.Debug|Any CPU.ActiveCfg = Debug|Any CPU
		{563F9F7D-36D2-4870-9811-6638ED804216}.Debug|Any CPU.Build.0 = Debug|Any CPU
		{563F9F7D-36D2-4870-9811-6638ED804216}.Release|Any CPU.ActiveCfg = Release|Any CPU
		{563F9F7D-36D2-4870-9811-6638ED804216}.Release|Any CPU.Build.0 = Release|Any CPU
		{DD2E1F58-BB17-49D3-ADE5-7EEC17C45261}.Debug|Any CPU.ActiveCfg = Debug|Any CPU
		{DD2E1F58-BB17-49D3-ADE5-7EEC17C45261}.Debug|Any CPU.Build.0 = Debug|Any CPU
		{DD2E1F58-BB17-49D3-ADE5-7EEC17C45261}.Release|Any CPU.ActiveCfg = Release|Any CPU
		{DD2E1F58-BB17-49D3-ADE5-7EEC17C45261}.Release|Any CPU.Build.0 = Release|Any CPU
		{F442C12A-1648-42D3-8AD6-84F8FD11DD5F}.Debug|Any CPU.ActiveCfg = Debug|Any CPU
		{F442C12A-1648-42D3-8AD6-84F8FD11DD5F}.Debug|Any CPU.Build.0 = Debug|Any CPU
		{F442C12A-1648-42D3-8AD6-84F8FD11DD5F}.Release|Any CPU.ActiveCfg = Release|Any CPU
		{F442C12A-1648-42D3-8AD6-84F8FD11DD5F}.Release|Any CPU.Build.0 = Release|Any CPU
		{5E8381BF-4499-4420-BB88-EEF99F429998}.Debug|Any CPU.ActiveCfg = Debug|Any CPU
		{5E8381BF-4499-4420-BB88-EEF99F429998}.Debug|Any CPU.Build.0 = Debug|Any CPU
		{5E8381BF-4499-4420-BB88-EEF99F429998}.Release|Any CPU.ActiveCfg = Release|Any CPU
		{5E8381BF-4499-4420-BB88-EEF99F429998}.Release|Any CPU.Build.0 = Release|Any CPU
		{DE26DD47-9EF8-419A-8230-C5A6CEDB5AEB}.Debug|Any CPU.ActiveCfg = Debug|Any CPU
		{DE26DD47-9EF8-419A-8230-C5A6CEDB5AEB}.Debug|Any CPU.Build.0 = Debug|Any CPU
		{DE26DD47-9EF8-419A-8230-C5A6CEDB5AEB}.Release|Any CPU.ActiveCfg = Release|Any CPU
		{DE26DD47-9EF8-419A-8230-C5A6CEDB5AEB}.Release|Any CPU.Build.0 = Release|Any CPU
		{04AA9BB1-5261-4482-952C-4D905E9E60A0}.Debug|Any CPU.ActiveCfg = Debug|Any CPU
		{04AA9BB1-5261-4482-952C-4D905E9E60A0}.Debug|Any CPU.Build.0 = Debug|Any CPU
		{04AA9BB1-5261-4482-952C-4D905E9E60A0}.Release|Any CPU.ActiveCfg = Release|Any CPU
		{04AA9BB1-5261-4482-952C-4D905E9E60A0}.Release|Any CPU.Build.0 = Release|Any CPU
		{695389E1-D233-41A2-9091-2ADEFF33F1EC}.Debug|Any CPU.ActiveCfg = Debug|Any CPU
		{695389E1-D233-41A2-9091-2ADEFF33F1EC}.Debug|Any CPU.Build.0 = Debug|Any CPU
		{695389E1-D233-41A2-9091-2ADEFF33F1EC}.Release|Any CPU.ActiveCfg = Release|Any CPU
		{695389E1-D233-41A2-9091-2ADEFF33F1EC}.Release|Any CPU.Build.0 = Release|Any CPU
		{002D85FF-7C77-4014-A188-5513D9180E77}.Debug|Any CPU.ActiveCfg = Debug|Any CPU
		{002D85FF-7C77-4014-A188-5513D9180E77}.Debug|Any CPU.Build.0 = Debug|Any CPU
		{002D85FF-7C77-4014-A188-5513D9180E77}.Release|Any CPU.ActiveCfg = Release|Any CPU
		{002D85FF-7C77-4014-A188-5513D9180E77}.Release|Any CPU.Build.0 = Release|Any CPU
		{958116C5-A9BB-46C8-9A6E-91FEB166968E}.Debug|Any CPU.ActiveCfg = Debug|Any CPU
		{958116C5-A9BB-46C8-9A6E-91FEB166968E}.Debug|Any CPU.Build.0 = Debug|Any CPU
		{958116C5-A9BB-46C8-9A6E-91FEB166968E}.Release|Any CPU.ActiveCfg = Release|Any CPU
		{958116C5-A9BB-46C8-9A6E-91FEB166968E}.Release|Any CPU.Build.0 = Release|Any CPU
		{926B9074-16D0-459B-B702-4C9356E2AC1D}.Debug|Any CPU.ActiveCfg = Debug|Any CPU
		{926B9074-16D0-459B-B702-4C9356E2AC1D}.Debug|Any CPU.Build.0 = Debug|Any CPU
		{926B9074-16D0-459B-B702-4C9356E2AC1D}.Release|Any CPU.ActiveCfg = Release|Any CPU
		{926B9074-16D0-459B-B702-4C9356E2AC1D}.Release|Any CPU.Build.0 = Release|Any CPU
		{F71E0E1D-8146-47F3-960C-F7D4982AA495}.Debug|Any CPU.ActiveCfg = Debug|Any CPU
		{F71E0E1D-8146-47F3-960C-F7D4982AA495}.Debug|Any CPU.Build.0 = Debug|Any CPU
		{F71E0E1D-8146-47F3-960C-F7D4982AA495}.Release|Any CPU.ActiveCfg = Release|Any CPU
		{F71E0E1D-8146-47F3-960C-F7D4982AA495}.Release|Any CPU.Build.0 = Release|Any CPU
		{29DC36EB-C2B6-421A-AD85-4A3A2EF7F838}.Debug|Any CPU.ActiveCfg = Debug|Any CPU
		{29DC36EB-C2B6-421A-AD85-4A3A2EF7F838}.Debug|Any CPU.Build.0 = Debug|Any CPU
		{29DC36EB-C2B6-421A-AD85-4A3A2EF7F838}.Release|Any CPU.ActiveCfg = Release|Any CPU
		{29DC36EB-C2B6-421A-AD85-4A3A2EF7F838}.Release|Any CPU.Build.0 = Release|Any CPU
		{F5F1234A-DB10-4954-B0AA-544CB7EC7B0A}.Debug|Any CPU.ActiveCfg = Debug|Any CPU
		{F5F1234A-DB10-4954-B0AA-544CB7EC7B0A}.Debug|Any CPU.Build.0 = Debug|Any CPU
		{F5F1234A-DB10-4954-B0AA-544CB7EC7B0A}.Release|Any CPU.ActiveCfg = Release|Any CPU
		{F5F1234A-DB10-4954-B0AA-544CB7EC7B0A}.Release|Any CPU.Build.0 = Release|Any CPU
		{49A23854-54D1-4161-981A-758082B18109}.Debug|Any CPU.ActiveCfg = Debug|Any CPU
		{49A23854-54D1-4161-981A-758082B18109}.Debug|Any CPU.Build.0 = Debug|Any CPU
		{49A23854-54D1-4161-981A-758082B18109}.Release|Any CPU.ActiveCfg = Release|Any CPU
		{49A23854-54D1-4161-981A-758082B18109}.Release|Any CPU.Build.0 = Release|Any CPU
		{E0A8672F-C8AA-49B3-9EAA-33DC72DCB9A8}.Debug|Any CPU.ActiveCfg = Debug|Any CPU
		{E0A8672F-C8AA-49B3-9EAA-33DC72DCB9A8}.Debug|Any CPU.Build.0 = Debug|Any CPU
		{E0A8672F-C8AA-49B3-9EAA-33DC72DCB9A8}.Release|Any CPU.ActiveCfg = Release|Any CPU
		{E0A8672F-C8AA-49B3-9EAA-33DC72DCB9A8}.Release|Any CPU.Build.0 = Release|Any CPU
		{C8E8D80F-F7A6-46BA-93A4-095AC72F9FD9}.Debug|Any CPU.ActiveCfg = Debug|Any CPU
		{C8E8D80F-F7A6-46BA-93A4-095AC72F9FD9}.Debug|Any CPU.Build.0 = Debug|Any CPU
		{C8E8D80F-F7A6-46BA-93A4-095AC72F9FD9}.Release|Any CPU.ActiveCfg = Release|Any CPU
		{C8E8D80F-F7A6-46BA-93A4-095AC72F9FD9}.Release|Any CPU.Build.0 = Release|Any CPU
		{872FB290-8258-401E-8F60-C57D681CE6AB}.Debug|Any CPU.ActiveCfg = Debug|Any CPU
		{872FB290-8258-401E-8F60-C57D681CE6AB}.Debug|Any CPU.Build.0 = Debug|Any CPU
		{872FB290-8258-401E-8F60-C57D681CE6AB}.Release|Any CPU.ActiveCfg = Release|Any CPU
		{872FB290-8258-401E-8F60-C57D681CE6AB}.Release|Any CPU.Build.0 = Release|Any CPU
		{070BB2C0-D6F6-4B76-8D03-18C70F53B05F}.Debug|Any CPU.ActiveCfg = Debug|Any CPU
		{070BB2C0-D6F6-4B76-8D03-18C70F53B05F}.Debug|Any CPU.Build.0 = Debug|Any CPU
		{070BB2C0-D6F6-4B76-8D03-18C70F53B05F}.Release|Any CPU.ActiveCfg = Release|Any CPU
		{070BB2C0-D6F6-4B76-8D03-18C70F53B05F}.Release|Any CPU.Build.0 = Release|Any CPU
		{8697F6E7-5573-4021-B05B-86DF54321CC2}.Debug|Any CPU.ActiveCfg = Debug|Any CPU
		{8697F6E7-5573-4021-B05B-86DF54321CC2}.Debug|Any CPU.Build.0 = Debug|Any CPU
		{8697F6E7-5573-4021-B05B-86DF54321CC2}.Release|Any CPU.ActiveCfg = Release|Any CPU
		{8697F6E7-5573-4021-B05B-86DF54321CC2}.Release|Any CPU.Build.0 = Release|Any CPU
		{6630B407-2289-442D-BEA3-FEE2B4D30C95}.Debug|Any CPU.ActiveCfg = Debug|Any CPU
		{6630B407-2289-442D-BEA3-FEE2B4D30C95}.Debug|Any CPU.Build.0 = Debug|Any CPU
		{6630B407-2289-442D-BEA3-FEE2B4D30C95}.Release|Any CPU.ActiveCfg = Release|Any CPU
		{6630B407-2289-442D-BEA3-FEE2B4D30C95}.Release|Any CPU.Build.0 = Release|Any CPU
		{F8EF9647-6BAA-439C-90B8-B66A48768D84}.Debug|Any CPU.ActiveCfg = Debug|Any CPU
		{F8EF9647-6BAA-439C-90B8-B66A48768D84}.Debug|Any CPU.Build.0 = Debug|Any CPU
		{F8EF9647-6BAA-439C-90B8-B66A48768D84}.Release|Any CPU.ActiveCfg = Release|Any CPU
		{F8EF9647-6BAA-439C-90B8-B66A48768D84}.Release|Any CPU.Build.0 = Release|Any CPU
		{FBB8984F-BF5B-40A6-A374-86212B24613E}.Debug|Any CPU.ActiveCfg = Debug|Any CPU
		{FBB8984F-BF5B-40A6-A374-86212B24613E}.Debug|Any CPU.Build.0 = Debug|Any CPU
		{FBB8984F-BF5B-40A6-A374-86212B24613E}.Release|Any CPU.ActiveCfg = Release|Any CPU
		{FBB8984F-BF5B-40A6-A374-86212B24613E}.Release|Any CPU.Build.0 = Release|Any CPU
		{7160295D-B0A9-4FE9-A224-A1EA28BD6867}.Debug|Any CPU.ActiveCfg = Debug|Any CPU
		{7160295D-B0A9-4FE9-A224-A1EA28BD6867}.Debug|Any CPU.Build.0 = Debug|Any CPU
		{7160295D-B0A9-4FE9-A224-A1EA28BD6867}.Release|Any CPU.ActiveCfg = Release|Any CPU
		{7160295D-B0A9-4FE9-A224-A1EA28BD6867}.Release|Any CPU.Build.0 = Release|Any CPU
		{4664520A-2EA1-475F-9CA2-61F6929A00E2}.Debug|Any CPU.ActiveCfg = Debug|Any CPU
		{4664520A-2EA1-475F-9CA2-61F6929A00E2}.Debug|Any CPU.Build.0 = Debug|Any CPU
		{4664520A-2EA1-475F-9CA2-61F6929A00E2}.Release|Any CPU.ActiveCfg = Release|Any CPU
		{4664520A-2EA1-475F-9CA2-61F6929A00E2}.Release|Any CPU.Build.0 = Release|Any CPU
		{AC82B465-724E-4329-8774-ABF83ED72DBC}.Debug|Any CPU.ActiveCfg = Debug|Any CPU
		{AC82B465-724E-4329-8774-ABF83ED72DBC}.Debug|Any CPU.Build.0 = Debug|Any CPU
		{AC82B465-724E-4329-8774-ABF83ED72DBC}.Release|Any CPU.ActiveCfg = Release|Any CPU
		{AC82B465-724E-4329-8774-ABF83ED72DBC}.Release|Any CPU.Build.0 = Release|Any CPU
	EndGlobalSection
	GlobalSection(NestedProjects) = preSolution
		{311ED081-35E2-4347-BABC-3A7FAB0DCE77} = {D1FA7A11-3AA5-47CE-8CB5-35CDA6F06594}
		{184D904A-0681-4CFA-919E-90DEFC00E608} = {D1FA7A11-3AA5-47CE-8CB5-35CDA6F06594}
		{9136779F-3AE2-4F38-95FC-D03C9A0C78FA} = {D1FA7A11-3AA5-47CE-8CB5-35CDA6F06594}
		{0466FA41-1B7E-41B5-9D17-D7F4AFAC7769} = {D1FA7A11-3AA5-47CE-8CB5-35CDA6F06594}
		{5344ECB5-DB57-49CC-AACC-4AC0FED7C0C8} = {49D534B5-ADF1-48D0-A761-46DCBEF7F9A9}
		{993FB245-209D-4937-9E9C-CD47B0982500} = {49D534B5-ADF1-48D0-A761-46DCBEF7F9A9}
		{91F0216F-DA2A-41B3-9D87-C2FE7B0498BA} = {D1FA7A11-3AA5-47CE-8CB5-35CDA6F06594}
		{C3FEBD0A-0935-421C-BC25-078F54EFC776} = {D1FA7A11-3AA5-47CE-8CB5-35CDA6F06594}
		{CD152933-3723-41BF-8C50-56243EE16A02} = {D1FA7A11-3AA5-47CE-8CB5-35CDA6F06594}
		{60CCAB0F-4BF2-4F04-A2A8-215488399A2E} = {49D534B5-ADF1-48D0-A761-46DCBEF7F9A9}
		{563F9F7D-36D2-4870-9811-6638ED804216} = {D1FA7A11-3AA5-47CE-8CB5-35CDA6F06594}
		{DD2E1F58-BB17-49D3-ADE5-7EEC17C45261} = {D1FA7A11-3AA5-47CE-8CB5-35CDA6F06594}
		{F442C12A-1648-42D3-8AD6-84F8FD11DD5F} = {49D534B5-ADF1-48D0-A761-46DCBEF7F9A9}
		{5E8381BF-4499-4420-BB88-EEF99F429998} = {D1FA7A11-3AA5-47CE-8CB5-35CDA6F06594}
		{DE26DD47-9EF8-419A-8230-C5A6CEDB5AEB} = {D1FA7A11-3AA5-47CE-8CB5-35CDA6F06594}
		{04AA9BB1-5261-4482-952C-4D905E9E60A0} = {49D534B5-ADF1-48D0-A761-46DCBEF7F9A9}
		{695389E1-D233-41A2-9091-2ADEFF33F1EC} = {D1FA7A11-3AA5-47CE-8CB5-35CDA6F06594}
		{002D85FF-7C77-4014-A188-5513D9180E77} = {D1FA7A11-3AA5-47CE-8CB5-35CDA6F06594}
		{958116C5-A9BB-46C8-9A6E-91FEB166968E} = {49D534B5-ADF1-48D0-A761-46DCBEF7F9A9}
		{926B9074-16D0-459B-B702-4C9356E2AC1D} = {D1FA7A11-3AA5-47CE-8CB5-35CDA6F06594}
		{F71E0E1D-8146-47F3-960C-F7D4982AA495} = {D1FA7A11-3AA5-47CE-8CB5-35CDA6F06594}
		{29DC36EB-C2B6-421A-AD85-4A3A2EF7F838} = {49D534B5-ADF1-48D0-A761-46DCBEF7F9A9}
		{F5F1234A-DB10-4954-B0AA-544CB7EC7B0A} = {D1FA7A11-3AA5-47CE-8CB5-35CDA6F06594}
		{49A23854-54D1-4161-981A-758082B18109} = {D1FA7A11-3AA5-47CE-8CB5-35CDA6F06594}
		{E0A8672F-C8AA-49B3-9EAA-33DC72DCB9A8} = {49D534B5-ADF1-48D0-A761-46DCBEF7F9A9}
		{C8E8D80F-F7A6-46BA-93A4-095AC72F9FD9} = {D1FA7A11-3AA5-47CE-8CB5-35CDA6F06594}
		{872FB290-8258-401E-8F60-C57D681CE6AB} = {D1FA7A11-3AA5-47CE-8CB5-35CDA6F06594}
		{070BB2C0-D6F6-4B76-8D03-18C70F53B05F} = {D1FA7A11-3AA5-47CE-8CB5-35CDA6F06594}
		{8697F6E7-5573-4021-B05B-86DF54321CC2} = {D1FA7A11-3AA5-47CE-8CB5-35CDA6F06594}
		{6630B407-2289-442D-BEA3-FEE2B4D30C95} = {49D534B5-ADF1-48D0-A761-46DCBEF7F9A9}
		{F8EF9647-6BAA-439C-90B8-B66A48768D84} = {D1FA7A11-3AA5-47CE-8CB5-35CDA6F06594}
		{FBB8984F-BF5B-40A6-A374-86212B24613E} = {D1FA7A11-3AA5-47CE-8CB5-35CDA6F06594}
		{7160295D-B0A9-4FE9-A224-A1EA28BD6867} = {D1FA7A11-3AA5-47CE-8CB5-35CDA6F06594}
		{4664520A-2EA1-475F-9CA2-61F6929A00E2} = {D1FA7A11-3AA5-47CE-8CB5-35CDA6F06594}
		{AC82B465-724E-4329-8774-ABF83ED72DBC} = {49D534B5-ADF1-48D0-A761-46DCBEF7F9A9}
	EndGlobalSection
EndGlobal
